
Microsoft Visual Studio Solution File, Format Version 12.00
# Visual Studio Version 17
VisualStudioVersion = 17.5.002.0
MinimumVisualStudioVersion = 10.0.40219.1
Project("{9A19103F-16F7-4668-BE54-9A1E7A4F7556}") = "MovieApp", "MovieApp\MovieApp.csproj", "{451DB6DF-512E-4F87-A91E-71C19D5CB863}"
EndProject
Global
	GlobalSection(SolutionConfigurationPlatforms) = preSolution
		Debug|Any CPU = Debug|Any CPU
		Release|Any CPU = Release|Any CPU
	EndGlobalSection
	GlobalSection(ProjectConfigurationPlatforms) = postSolution
		{451DB6DF-512E-4F87-A91E-71C19D5CB863}.Debug|Any CPU.ActiveCfg = Debug|Any CPU
		{451DB6DF-512E-4F87-A91E-71C19D5CB863}.Debug|Any CPU.Build.0 = Debug|Any CPU
		{451DB6DF-512E-4F87-A91E-71C19D5CB863}.Release|Any CPU.ActiveCfg = Release|Any CPU
		{451DB6DF-512E-4F87-A91E-71C19D5CB863}.Release|Any CPU.Build.0 = Release|Any CPU
	EndGlobalSection
	GlobalSection(SolutionProperties) = preSolution
		HideSolutionNode = FALSE
	EndGlobalSection
	GlobalSection(ExtensibilityGlobals) = postSolution
		SolutionGuid = {396A158E-6A54-4246-950C-366B764494C4}
	EndGlobalSection
EndGlobal
